
Microsoft Visual Studio Solution File, Format Version 12.00
# Visual Studio 2015
Project("{FAE04EC0-301F-11D3-BF4B-00C04F79EFBC}") = "union-ads-sdk-unity-demo.CSharp", "union-ads-sdk-unity-demo.CSharp.csproj", "{5728EE64-D86B-4328-B8CC-9F3F8BD1BC29}"
EndProject
Global
	GlobalSection(SolutionConfigurationPlatforms) = preSolution
		Debug|Any CPU = Debug|Any CPU
		Release|Any CPU = Release|Any CPU
	EndGlobalSection
	GlobalSection(ProjectConfigurationPlatforms) = postSolution
		{5728EE64-D86B-4328-B8CC-9F3F8BD1BC29}.Debug|Any CPU.ActiveCfg = Debug|Any CPU
		{5728EE64-D86B-4328-B8CC-9F3F8BD1BC29}.Debug|Any CPU.Build.0 = Debug|Any CPU
		{5728EE64-D86B-4328-B8CC-9F3F8BD1BC29}.Release|Any CPU.ActiveCfg = Release|Any CPU
		{5728EE64-D86B-4328-B8CC-9F3F8BD1BC29}.Release|Any CPU.Build.0 = Release|Any CPU
	EndGlobalSection
	GlobalSection(SolutionProperties) = preSolution
		HideSolutionNode = FALSE
	EndGlobalSection
EndGlobal
